
Microsoft Visual Studio Solution File, Format Version 12.00
# Visual Studio Version 16
VisualStudioVersion = 16.0.29709.97
MinimumVisualStudioVersion = 10.0.40219.1
Project("{FAE04EC0-301F-11D3-BF4B-00C04F79EFBC}") = "CryptoLibrary", "CryptoLibrary\CryptoLibrary.csproj", "{AEC399C4-2C37-4E61-BB4B-2D453A49591D}"
EndProject
Global
	GlobalSection(SolutionConfigurationPlatforms) = preSolution
		Debug|Any CPU = Debug|Any CPU
		Release|Any CPU = Release|Any CPU
	EndGlobalSection
	GlobalSection(ProjectConfigurationPlatforms) = postSolution
		{AEC399C4-2C37-4E61-BB4B-2D453A49591D}.Debug|Any CPU.ActiveCfg = Debug|Any CPU
		{AEC399C4-2C37-4E61-BB4B-2D453A49591D}.Debug|Any CPU.Build.0 = Debug|Any CPU
		{AEC399C4-2C37-4E61-BB4B-2D453A49591D}.Release|Any CPU.ActiveCfg = Release|Any CPU
		{AEC399C4-2C37-4E61-BB4B-2D453A49591D}.Release|Any CPU.Build.0 = Release|Any CPU
	EndGlobalSection
	GlobalSection(SolutionProperties) = preSolution
		HideSolutionNode = FALSE
	EndGlobalSection
	GlobalSection(ExtensibilityGlobals) = postSolution
		SolutionGuid = {CCB90D70-66E5-426B-A793-D3A5B2565026}
	EndGlobalSection
EndGlobal
